
Microsoft Visual Studio Solution File, Format Version 12.00
# Visual Studio Version 18
VisualStudioVersion = 18.0.11205.157
MinimumVisualStudioVersion = 10.0.40219.1
Project("{8BC9CEB8-8B4A-11D0-8D11-00A0C91BC942}") = "Project1", "Project1\Project1.vcxproj", "{EBFB4E7A-0D42-4B45-980F-3598DDE7A573}"
EndProject
Project("{8BC9CEB8-8B4A-11D0-8D11-00A0C91BC942}") = "KakaoCT", "KakaoCT\KakaoCT.vcxproj", "{054C4893-47B5-49FA-B8FF-996EB0E79C88}"
EndProject
Project("{FAE04EC0-301F-11D3-BF4B-00C04F79EFBC}") = "Hash01", "Hash01\Hash01.csproj", "{073427CD-8881-4CDA-854E-04053AB92BB4}"
EndProject
Project("{8BC9CEB8-8B4A-11D0-8D11-00A0C91BC942}") = "HashTable001", "HashTable001\HashTable001.vcxproj", "{BCB66B52-1731-46AC-BB56-70FBD6090ECC}"
EndProject
Project("{8BC9CEB8-8B4A-11D0-8D11-00A0C91BC942}") = "HashTable002", "HashTable002\HashTable002.vcxproj", "{3AD575FE-F7B6-4673-A292-18431BF27C8E}"
EndProject
Project("{8BC9CEB8-8B4A-11D0-8D11-00A0C91BC942}") = "HashPhoneBook", "HashPhoneBook\HashPhoneBook.vcxproj", "{83FE333B-87A4-4356-84F5-6147C5521103}"
EndProject
Project("{8BC9CEB8-8B4A-11D0-8D11-00A0C91BC942}") = "HashClothes", "HashClothes\HashClothes.vcxproj", "{6642AFD2-8F7B-4ECD-8EB8-1E0DD1E14C59}"
EndProject
Project("{8BC9CEB8-8B4A-11D0-8D11-00A0C91BC942}") = "HashBestAlbum", "HashBestAlbum\HashBestAlbum.vcxproj", "{D41C1CD4-ED87-4B39-8637-42D62584F987}"
EndProject
Project("{8BC9CEB8-8B4A-11D0-8D11-00A0C91BC942}") = "StackQueue01", "StackQueue01\StackQueue01.vcxproj", "{C8DC4519-5F17-4EDD-B529-FD1D7D5D063D}"
EndProject
Project("{8BC9CEB8-8B4A-11D0-8D11-00A0C91BC942}") = "StackQueue02", "StackQueue02\StackQueue02.vcxproj", "{AA2D0791-2B24-415D-93CB-6EC964BA9E03}"
EndProject
Project("{8BC9CEB8-8B4A-11D0-8D11-00A0C91BC942}") = "Project2", "Project2\Project2.vcxproj", "{956451E4-94AD-4766-86F9-44AAD32841E0}"
EndProject
Project("{8BC9CEB8-8B4A-11D0-8D11-00A0C91BC942}") = "StackQueue03", "StackQueue03\StackQueue03.vcxproj", "{BE3A94AA-4225-43BE-B068-96004D54D623}"
EndProject
Project("{8BC9CEB8-8B4A-11D0-8D11-00A0C91BC942}") = "StakcQueue04", "StakcQueue04\StakcQueue04.vcxproj", "{8F32BB63-8616-4BFE-8C6F-C99D55EAE1CF}"
EndProject
Project("{8BC9CEB8-8B4A-11D0-8D11-00A0C91BC942}") = "StackQueue05", "StackQueue05\StackQueue05.vcxproj", "{F7F713B9-0E2A-40F6-A306-F5EB2108F583}"
EndProject
Project("{8BC9CEB8-8B4A-11D0-8D11-00A0C91BC942}") = "StackQueue06", "StackQueue06\StackQueue06.vcxproj", "{A6F82741-ECC3-4ACB-AB1F-BD85E7CCE5EB}"
EndProject
Project("{8BC9CEB8-8B4A-11D0-8D11-00A0C91BC942}") = "Array01", "Array01\Array01.vcxproj", "{1264CEC7-C327-4488-B0EF-93C2863DFB19}"
EndProject
Project("{8BC9CEB8-8B4A-11D0-8D11-00A0C91BC942}") = "Sort01", "Sort01\Sort01.vcxproj", "{8EF37F8E-2209-4B3E-A651-51316E7F67D6}"
EndProject
Project("{8BC9CEB8-8B4A-11D0-8D11-00A0C91BC942}") = "Sort02", "Sort02\Sort02.vcxproj", "{F8CD20F9-5AC5-4EE7-816D-A9C3D1B4798D}"
EndProject
Project("{8BC9CEB8-8B4A-11D0-8D11-00A0C91BC942}") = "Sort03", "Sort03\Sort03.vcxproj", "{3FD7F125-DBCD-4FD9-9D2F-773062B4C9EC}"
EndProject
Project("{8BC9CEB8-8B4A-11D0-8D11-00A0C91BC942}") = "Brute_Force01", "Brute_Force01\Brute_Force01.vcxproj", "{7A60D318-9C3F-4A9B-BB74-A5A2F4C73C11}"
EndProject
Project("{8BC9CEB8-8B4A-11D0-8D11-00A0C91BC942}") = "Brute_Force02", "Brute_Force02\Brute_Force02.vcxproj", "{4476CCC9-D1DD-4370-9CEE-81CF98D180D5}"
EndProject
Project("{8BC9CEB8-8B4A-11D0-8D11-00A0C91BC942}") = "Brute_Force03", "Brute_Force03\Brute_Force03.vcxproj", "{8C62ACF8-9097-498D-87B5-ECA565532219}"
EndProject
Project("{8BC9CEB8-8B4A-11D0-8D11-00A0C91BC942}") = "Brute_Force04", "Brute_Force04\Brute_Force04.vcxproj", "{091F29FF-4107-4506-821B-3097AA78D4A0}"
EndProject
Project("{8BC9CEB8-8B4A-11D0-8D11-00A0C91BC942}") = "Brute_Force05", "Brute_Force05\Brute_Force05.vcxproj", "{33F5EA7D-A683-4933-8FD3-E54AE0093399}"
EndProject
Project("{8BC9CEB8-8B4A-11D0-8D11-00A0C91BC942}") = "Brute_Force06", "Brute_Force06\Brute_Force06.vcxproj", "{E13EAA2E-3CBD-45BB-A3E5-CF5AFFAC1640}"
EndProject
Project("{8BC9CEB8-8B4A-11D0-8D11-00A0C91BC942}") = "Brute_Force07", "Brute_Force07\Brute_Force07.vcxproj", "{678E68F8-4438-4A24-9704-681381906B5D}"
EndProject
Project("{8BC9CEB8-8B4A-11D0-8D11-00A0C91BC942}") = "Heap01", "Heap01\Heap01.vcxproj", "{EBD05637-9DAE-41D2-8BB3-E63ADEF53647}"
EndProject
Project("{8BC9CEB8-8B4A-11D0-8D11-00A0C91BC942}") = "Heap02", "Heap02\Heap02.vcxproj", "{0D71753A-BC1C-4BE4-8428-D02881F959E0}"
EndProject
Project("{8BC9CEB8-8B4A-11D0-8D11-00A0C91BC942}") = "Heap03", "Heap03\Heap03.vcxproj", "{65B70944-A8CC-4A3D-95DD-2F2E3D28FF1F}"
EndProject
Project("{8BC9CEB8-8B4A-11D0-8D11-00A0C91BC942}") = "Greedy01", "Greedy01\Greedy01.vcxproj", "{E1644B95-256B-4488-BE9E-FE416A0CA58E}"
EndProject
Project("{8BC9CEB8-8B4A-11D0-8D11-00A0C91BC942}") = "Greedy02", "Greedy02\Greedy02.vcxproj", "{7E792CCF-EF87-4B36-9C4F-6498414722AB}"
EndProject
Project("{8BC9CEB8-8B4A-11D0-8D11-00A0C91BC942}") = "Greedy03", "Greedy03\Greedy03.vcxproj", "{70A638E6-EFB1-4079-83A9-332F6F0EE733}"
EndProject
Project("{8BC9CEB8-8B4A-11D0-8D11-00A0C91BC942}") = "Greedy04", "Greedy04\Greedy04.vcxproj", "{68A17DFE-4924-431E-A845-14472FA7AF10}"
EndProject
Project("{8BC9CEB8-8B4A-11D0-8D11-00A0C91BC942}") = "Greedy05", "Greedy05\Greedy05.vcxproj", "{84DDBBD0-5921-47CD-8285-5A45718986E2}"
EndProject
Project("{8BC9CEB8-8B4A-11D0-8D11-00A0C91BC942}") = "Greedy06", "Greedy06\Greedy06.vcxproj", "{EF9D3435-4B6F-4FE4-9257-2628D0813A0D}"
EndProject
Project("{8BC9CEB8-8B4A-11D0-8D11-00A0C91BC942}") = "DFSBFS01", "DFSBFS01\DFSBFS01.vcxproj", "{E6491197-185D-4DCC-BB9D-3F69775C15FB}"
EndProject
Project("{8BC9CEB8-8B4A-11D0-8D11-00A0C91BC942}") = "DP01", "DP01\DP01.vcxproj", "{FBC26BB2-FCFF-447E-B762-B0F8597F8252}"
EndProject
Project("{8BC9CEB8-8B4A-11D0-8D11-00A0C91BC942}") = "구간의합", "구간의합\구간의합.vcxproj", "{0C6FF2FE-2177-4F0D-B1FA-4468FF64FECD}"
EndProject
Project("{8BC9CEB8-8B4A-11D0-8D11-00A0C91BC942}") = "DFSBFS02", "DFSBFS02\DFSBFS02.vcxproj", "{3AE49B2C-5063-4F5B-BBE1-80068CE94423}"
EndProject
Global
	GlobalSection(SolutionConfigurationPlatforms) = preSolution
		Debug|Any CPU = Debug|Any CPU
		Debug|x64 = Debug|x64
		Debug|x86 = Debug|x86
		Release|Any CPU = Release|Any CPU
		Release|x64 = Release|x64
		Release|x86 = Release|x86
	EndGlobalSection
	GlobalSection(ProjectConfigurationPlatforms) = postSolution
		{EBFB4E7A-0D42-4B45-980F-3598DDE7A573}.Debug|Any CPU.ActiveCfg = Debug|x64
		{EBFB4E7A-0D42-4B45-980F-3598DDE7A573}.Debug|Any CPU.Build.0 = Debug|x64
		{EBFB4E7A-0D42-4B45-980F-3598DDE7A573}.Debug|x64.ActiveCfg = Debug|x64
		{EBFB4E7A-0D42-4B45-980F-3598DDE7A573}.Debug|x64.Build.0 = Debug|x64
		{EBFB4E7A-0D42-4B45-980F-3598DDE7A573}.Debug|x86.ActiveCfg = Debug|Win32
		{EBFB4E7A-0D42-4B45-980F-3598DDE7A573}.Debug|x86.Build.0 = Debug|Win32
		{EBFB4E7A-0D42-4B45-980F-3598DDE7A573}.Release|Any CPU.ActiveCfg = Release|x64
		{EBFB4E7A-0D42-4B45-980F-3598DDE7A573}.Release|Any CPU.Build.0 = Release|x64
		{EBFB4E7A-0D42-4B45-980F-3598DDE7A573}.Release|x64.ActiveCfg = Release|x64
		{EBFB4E7A-0D42-4B45-980F-3598DDE7A573}.Release|x64.Build.0 = Release|x64
		{EBFB4E7A-0D42-4B45-980F-3598DDE7A573}.Release|x86.ActiveCfg = Release|Win32
		{EBFB4E7A-0D42-4B45-980F-3598DDE7A573}.Release|x86.Build.0 = Release|Win32
		{054C4893-47B5-49FA-B8FF-996EB0E79C88}.Debug|Any CPU.ActiveCfg = Debug|x64
		{054C4893-47B5-49FA-B8FF-996EB0E79C88}.Debug|Any CPU.Build.0 = Debug|x64
		{054C4893-47B5-49FA-B8FF-996EB0E79C88}.Debug|x64.ActiveCfg = Debug|x64
		{054C4893-47B5-49FA-B8FF-996EB0E79C88}.Debug|x64.Build.0 = Debug|x64
		{054C4893-47B5-49FA-B8FF-996EB0E79C88}.Debug|x86.ActiveCfg = Debug|Win32
		{054C4893-47B5-49FA-B8FF-996EB0E79C88}.Debug|x86.Build.0 = Debug|Win32
		{054C4893-47B5-49FA-B8FF-996EB0E79C88}.Release|Any CPU.ActiveCfg = Release|x64
		{054C4893-47B5-49FA-B8FF-996EB0E79C88}.Release|Any CPU.Build.0 = Release|x64
		{054C4893-47B5-49FA-B8FF-996EB0E79C88}.Release|x64.ActiveCfg = Release|x64
		{054C4893-47B5-49FA-B8FF-996EB0E79C88}.Release|x64.Build.0 = Release|x64
		{054C4893-47B5-49FA-B8FF-996EB0E79C88}.Release|x86.ActiveCfg = Release|Win32
		{054C4893-47B5-49FA-B8FF-996EB0E79C88}.Release|x86.Build.0 = Release|Win32
		{073427CD-8881-4CDA-854E-04053AB92BB4}.Debug|Any CPU.ActiveCfg = Debug|Any CPU
		{073427CD-8881-4CDA-854E-04053AB92BB4}.Debug|Any CPU.Build.0 = Debug|Any CPU
		{073427CD-8881-4CDA-854E-04053AB92BB4}.Debug|x64.ActiveCfg = Debug|Any CPU
		{073427CD-8881-4CDA-854E-04053AB92BB4}.Debug|x64.Build.0 = Debug|Any CPU
		{073427CD-8881-4CDA-854E-04053AB92BB4}.Debug|x86.ActiveCfg = Debug|Any CPU
		{073427CD-8881-4CDA-854E-04053AB92BB4}.Debug|x86.Build.0 = Debug|Any CPU
		{073427CD-8881-4CDA-854E-04053AB92BB4}.Release|Any CPU.ActiveCfg = Release|Any CPU
		{073427CD-8881-4CDA-854E-04053AB92BB4}.Release|Any CPU.Build.0 = Release|Any CPU
		{073427CD-8881-4CDA-854E-04053AB92BB4}.Release|x64.ActiveCfg = Release|Any CPU
		{073427CD-8881-4CDA-854E-04053AB92BB4}.Release|x64.Build.0 = Release|Any CPU
		{073427CD-8881-4CDA-854E-04053AB92BB4}.Release|x86.ActiveCfg = Release|Any CPU
		{073427CD-8881-4CDA-854E-04053AB92BB4}.Release|x86.Build.0 = Release|Any CPU
		{BCB66B52-1731-46AC-BB56-70FBD6090ECC}.Debug|Any CPU.ActiveCfg = Debug|x64
		{BCB66B52-1731-46AC-BB56-70FBD6090ECC}.Debug|Any CPU.Build.0 = Debug|x64
		{BCB66B52-1731-46AC-BB56-70FBD6090ECC}.Debug|x64.ActiveCfg = Debug|x64
		{BCB66B52-1731-46AC-BB56-70FBD6090ECC}.Debug|x64.Build.0 = Debug|x64
		{BCB66B52-1731-46AC-BB56-70FBD6090ECC}.Debug|x86.ActiveCfg = Debug|Win32
		{BCB66B52-1731-46AC-BB56-70FBD6090ECC}.Debug|x86.Build.0 = Debug|Win32
		{BCB66B52-1731-46AC-BB56-70FBD6090ECC}.Release|Any CPU.ActiveCfg = Release|x64
		{BCB66B52-1731-46AC-BB56-70FBD6090ECC}.Release|Any CPU.Build.0 = Release|x64
		{BCB66B52-1731-46AC-BB56-70FBD6090ECC}.Release|x64.ActiveCfg = Release|x64
		{BCB66B52-1731-46AC-BB56-70FBD6090ECC}.Release|x64.Build.0 = Release|x64
		{BCB66B52-1731-46AC-BB56-70FBD6090ECC}.Release|x86.ActiveCfg = Release|Win32
		{BCB66B52-1731-46AC-BB56-70FBD6090ECC}.Release|x86.Build.0 = Release|Win32
		{3AD575FE-F7B6-4673-A292-18431BF27C8E}.Debug|Any CPU.ActiveCfg = Debug|x64
		{3AD575FE-F7B6-4673-A292-18431BF27C8E}.Debug|Any CPU.Build.0 = Debug|x64
		{3AD575FE-F7B6-4673-A292-18431BF27C8E}.Debug|x64.ActiveCfg = Debug|x64
		{3AD575FE-F7B6-4673-A292-18431BF27C8E}.Debug|x64.Build.0 = Debug|x64
		{3AD575FE-F7B6-4673-A292-18431BF27C8E}.Debug|x86.ActiveCfg = Debug|Win32
		{3AD575FE-F7B6-4673-A292-18431BF27C8E}.Debug|x86.Build.0 = Debug|Win32
		{3AD575FE-F7B6-4673-A292-18431BF27C8E}.Release|Any CPU.ActiveCfg = Release|x64
		{3AD575FE-F7B6-4673-A292-18431BF27C8E}.Release|Any CPU.Build.0 = Release|x64
		{3AD575FE-F7B6-4673-A292-18431BF27C8E}.Release|x64.ActiveCfg = Release|x64
		{3AD575FE-F7B6-4673-A292-18431BF27C8E}.Release|x64.Build.0 = Release|x64
		{3AD575FE-F7B6-4673-A292-18431BF27C8E}.Release|x86.ActiveCfg = Release|Win32
		{3AD575FE-F7B6-4673-A292-18431BF27C8E}.Release|x86.Build.0 = Release|Win32
		{83FE333B-87A4-4356-84F5-6147C5521103}.Debug|Any CPU.ActiveCfg = Debug|x64
		{83FE333B-87A4-4356-84F5-6147C5521103}.Debug|Any CPU.Build.0 = Debug|x64
		{83FE333B-87A4-4356-84F5-6147C5521103}.Debug|x64.ActiveCfg = Debug|x64
		{83FE333B-87A4-4356-84F5-6147C5521103}.Debug|x64.Build.0 = Debug|x64
		{83FE333B-87A4-4356-84F5-6147C5521103}.Debug|x86.ActiveCfg = Debug|Win32
		{83FE333B-87A4-4356-84F5-6147C5521103}.Debug|x86.Build.0 = Debug|Win32
		{83FE333B-87A4-4356-84F5-6147C5521103}.Release|Any CPU.ActiveCfg = Release|x64
		{83FE333B-87A4-4356-84F5-6147C5521103}.Release|Any CPU.Build.0 = Release|x64
		{83FE333B-87A4-4356-84F5-6147C5521103}.Release|x64.ActiveCfg = Release|x64
		{83FE333B-87A4-4356-84F5-6147C5521103}.Release|x64.Build.0 = Release|x64
		{83FE333B-87A4-4356-84F5-6147C5521103}.Release|x86.ActiveCfg = Release|Win32
		{83FE333B-87A4-4356-84F5-6147C5521103}.Release|x86.Build.0 = Release|Win32
		{6642AFD2-8F7B-4ECD-8EB8-1E0DD1E14C59}.Debug|Any CPU.ActiveCfg = Debug|x64
		{6642AFD2-8F7B-4ECD-8EB8-1E0DD1E14C59}.Debug|Any CPU.Build.0 = Debug|x64
		{6642AFD2-8F7B-4ECD-8EB8-1E0DD1E14C59}.Debug|x64.ActiveCfg = Debug|x64
		{6642AFD2-8F7B-4ECD-8EB8-1E0DD1E14C59}.Debug|x64.Build.0 = Debug|x64
		{6642AFD2-8F7B-4ECD-8EB8-1E0DD1E14C59}.Debug|x86.ActiveCfg = Debug|Win32
		{6642AFD2-8F7B-4ECD-8EB8-1E0DD1E14C59}.Debug|x86.Build.0 = Debug|Win32
		{6642AFD2-8F7B-4ECD-8EB8-1E0DD1E14C59}.Release|Any CPU.ActiveCfg = Release|x64
		{6642AFD2-8F7B-4ECD-8EB8-1E0DD1E14C59}.Release|Any CPU.Build.0 = Release|x64
		{6642AFD2-8F7B-4ECD-8EB8-1E0DD1E14C59}.Release|x64.ActiveCfg = Release|x64
		{6642AFD2-8F7B-4ECD-8EB8-1E0DD1E14C59}.Release|x64.Build.0 = Release|x64
		{6642AFD2-8F7B-4ECD-8EB8-1E0DD1E14C59}.Release|x86.ActiveCfg = Release|Win32
		{6642AFD2-8F7B-4ECD-8EB8-1E0DD1E14C59}.Release|x86.Build.0 = Release|Win32
		{D41C1CD4-ED87-4B39-8637-42D62584F987}.Debug|Any CPU.ActiveCfg = Debug|x64
		{D41C1CD4-ED87-4B39-8637-42D62584F987}.Debug|Any CPU.Build.0 = Debug|x64
		{D41C1CD4-ED87-4B39-8637-42D62584F987}.Debug|x64.ActiveCfg = Debug|x64
		{D41C1CD4-ED87-4B39-8637-42D62584F987}.Debug|x64.Build.0 = Debug|x64
		{D41C1CD4-ED87-4B39-8637-42D62584F987}.Debug|x86.ActiveCfg = Debug|Win32
		{D41C1CD4-ED87-4B39-8637-42D62584F987}.Debug|x86.Build.0 = Debug|Win32
		{D41C1CD4-ED87-4B39-8637-42D62584F987}.Release|Any CPU.ActiveCfg = Release|x64
		{D41C1CD4-ED87-4B39-8637-42D62584F987}.Release|Any CPU.Build.0 = Release|x64
		{D41C1CD4-ED87-4B39-8637-42D62584F987}.Release|x64.ActiveCfg = Release|x64
		{D41C1CD4-ED87-4B39-8637-42D62584F987}.Release|x64.Build.0 = Release|x64
		{D41C1CD4-ED87-4B39-8637-42D62584F987}.Release|x86.ActiveCfg = Release|Win32
		{D41C1CD4-ED87-4B39-8637-42D62584F987}.Release|x86.Build.0 = Release|Win32
		{C8DC4519-5F17-4EDD-B529-FD1D7D5D063D}.Debug|Any CPU.ActiveCfg = Debug|x64
		{C8DC4519-5F17-4EDD-B529-FD1D7D5D063D}.Debug|Any CPU.Build.0 = Debug|x64
		{C8DC4519-5F17-4EDD-B529-FD1D7D5D063D}.Debug|x64.ActiveCfg = Debug|x64
		{C8DC4519-5F17-4EDD-B529-FD1D7D5D063D}.Debug|x64.Build.0 = Debug|x64
		{C8DC4519-5F17-4EDD-B529-FD1D7D5D063D}.Debug|x86.ActiveCfg = Debug|Win32
		{C8DC4519-5F17-4EDD-B529-FD1D7D5D063D}.Debug|x86.Build.0 = Debug|Win32
		{C8DC4519-5F17-4EDD-B529-FD1D7D5D063D}.Release|Any CPU.ActiveCfg = Release|x64
		{C8DC4519-5F17-4EDD-B529-FD1D7D5D063D}.Release|Any CPU.Build.0 = Release|x64
		{C8DC4519-5F17-4EDD-B529-FD1D7D5D063D}.Release|x64.ActiveCfg = Release|x64
		{C8DC4519-5F17-4EDD-B529-FD1D7D5D063D}.Release|x64.Build.0 = Release|x64
		{C8DC4519-5F17-4EDD-B529-FD1D7D5D063D}.Release|x86.ActiveCfg = Release|Win32
		{C8DC4519-5F17-4EDD-B529-FD1D7D5D063D}.Release|x86.Build.0 = Release|Win32
		{AA2D0791-2B24-415D-93CB-6EC964BA9E03}.Debug|Any CPU.ActiveCfg = Debug|x64
		{AA2D0791-2B24-415D-93CB-6EC964BA9E03}.Debug|Any CPU.Build.0 = Debug|x64
		{AA2D0791-2B24-415D-93CB-6EC964BA9E03}.Debug|x64.ActiveCfg = Debug|x64
		{AA2D0791-2B24-415D-93CB-6EC964BA9E03}.Debug|x64.Build.0 = Debug|x64
		{AA2D0791-2B24-415D-93CB-6EC964BA9E03}.Debug|x86.ActiveCfg = Debug|Win32
		{AA2D0791-2B24-415D-93CB-6EC964BA9E03}.Debug|x86.Build.0 = Debug|Win32
		{AA2D0791-2B24-415D-93CB-6EC964BA9E03}.Release|Any CPU.ActiveCfg = Release|x64
		{AA2D0791-2B24-415D-93CB-6EC964BA9E03}.Release|Any CPU.Build.0 = Release|x64
		{AA2D0791-2B24-415D-93CB-6EC964BA9E03}.Release|x64.ActiveCfg = Release|x64
		{AA2D0791-2B24-415D-93CB-6EC964BA9E03}.Release|x64.Build.0 = Release|x64
		{AA2D0791-2B24-415D-93CB-6EC964BA9E03}.Release|x86.ActiveCfg = Release|Win32
		{AA2D0791-2B24-415D-93CB-6EC964BA9E03}.Release|x86.Build.0 = Release|Win32
		{956451E4-94AD-4766-86F9-44AAD32841E0}.Debug|Any CPU.ActiveCfg = Debug|x64
		{956451E4-94AD-4766-86F9-44AAD32841E0}.Debug|Any CPU.Build.0 = Debug|x64
		{956451E4-94AD-4766-86F9-44AAD32841E0}.Debug|x64.ActiveCfg = Debug|x64
		{956451E4-94AD-4766-86F9-44AAD32841E0}.Debug|x64.Build.0 = Debug|x64
		{956451E4-94AD-4766-86F9-44AAD32841E0}.Debug|x86.ActiveCfg = Debug|Win32
		{956451E4-94AD-4766-86F9-44AAD32841E0}.Debug|x86.Build.0 = Debug|Win32
		{956451E4-94AD-4766-86F9-44AAD32841E0}.Release|Any CPU.ActiveCfg = Release|x64
		{956451E4-94AD-4766-86F9-44AAD32841E0}.Release|Any CPU.Build.0 = Release|x64
		{956451E4-94AD-4766-86F9-44AAD32841E0}.Release|x64.ActiveCfg = Release|x64
		{956451E4-94AD-4766-86F9-44AAD32841E0}.Release|x64.Build.0 = Release|x64
		{956451E4-94AD-4766-86F9-44AAD32841E0}.Release|x86.ActiveCfg = Release|Win32
		{956451E4-94AD-4766-86F9-44AAD32841E0}.Release|x86.Build.0 = Release|Win32
		{BE3A94AA-4225-43BE-B068-96004D54D623}.Debug|Any CPU.ActiveCfg = Debug|x64
		{BE3A94AA-4225-43BE-B068-96004D54D623}.Debug|Any CPU.Build.0 = Debug|x64
		{BE3A94AA-4225-43BE-B068-96004D54D623}.Debug|x64.ActiveCfg = Debug|x64
		{BE3A94AA-4225-43BE-B068-96004D54D623}.Debug|x64.Build.0 = Debug|x64
		{BE3A94AA-4225-43BE-B068-96004D54D623}.Debug|x86.ActiveCfg = Debug|Win32
		{BE3A94AA-4225-43BE-B068-96004D54D623}.Debug|x86.Build.0 = Debug|Win32
		{BE3A94AA-4225-43BE-B068-96004D54D623}.Release|Any CPU.ActiveCfg = Release|x64
		{BE3A94AA-4225-43BE-B068-96004D54D623}.Release|Any CPU.Build.0 = Release|x64
		{BE3A94AA-4225-43BE-B068-96004D54D623}.Release|x64.ActiveCfg = Release|x64
		{BE3A94AA-4225-43BE-B068-96004D54D623}.Release|x64.Build.0 = Release|x64
		{BE3A94AA-4225-43BE-B068-96004D54D623}.Release|x86.ActiveCfg = Release|Win32
		{BE3A94AA-4225-43BE-B068-96004D54D623}.Release|x86.Build.0 = Release|Win32
		{8F32BB63-8616-4BFE-8C6F-C99D55EAE1CF}.Debug|Any CPU.ActiveCfg = Debug|x64
		{8F32BB63-8616-4BFE-8C6F-C99D55EAE1CF}.Debug|Any CPU.Build.0 = Debug|x64
		{8F32BB63-8616-4BFE-8C6F-C99D55EAE1CF}.Debug|x64.ActiveCfg = Debug|x64
		{8F32BB63-8616-4BFE-8C6F-C99D55EAE1CF}.Debug|x64.Build.0 = Debug|x64
		{8F32BB63-8616-4BFE-8C6F-C99D55EAE1CF}.Debug|x86.ActiveCfg = Debug|Win32
		{8F32BB63-8616-4BFE-8C6F-C99D55EAE1CF}.Debug|x86.Build.0 = Debug|Win32
		{8F32BB63-8616-4BFE-8C6F-C99D55EAE1CF}.Release|Any CPU.ActiveCfg = Release|x64
		{8F32BB63-8616-4BFE-8C6F-C99D55EAE1CF}.Release|Any CPU.Build.0 = Release|x64
		{8F32BB63-8616-4BFE-8C6F-C99D55EAE1CF}.Release|x64.ActiveCfg = Release|x64
		{8F32BB63-8616-4BFE-8C6F-C99D55EAE1CF}.Release|x64.Build.0 = Release|x64
		{8F32BB63-8616-4BFE-8C6F-C99D55EAE1CF}.Release|x86.ActiveCfg = Release|Win32
		{8F32BB63-8616-4BFE-8C6F-C99D55EAE1CF}.Release|x86.Build.0 = Release|Win32
		{F7F713B9-0E2A-40F6-A306-F5EB2108F583}.Debug|Any CPU.ActiveCfg = Debug|x64
		{F7F713B9-0E2A-40F6-A306-F5EB2108F583}.Debug|Any CPU.Build.0 = Debug|x64
		{F7F713B9-0E2A-40F6-A306-F5EB2108F583}.Debug|x64.ActiveCfg = Debug|x64
		{F7F713B9-0E2A-40F6-A306-F5EB2108F583}.Debug|x64.Build.0 = Debug|x64
		{F7F713B9-0E2A-40F6-A306-F5EB2108F583}.Debug|x86.ActiveCfg = Debug|Win32
		{F7F713B9-0E2A-40F6-A306-F5EB2108F583}.Debug|x86.Build.0 = Debug|Win32
		{F7F713B9-0E2A-40F6-A306-F5EB2108F583}.Release|Any CPU.ActiveCfg = Release|x64
		{F7F713B9-0E2A-40F6-A306-F5EB2108F583}.Release|Any CPU.Build.0 = Release|x64
		{F7F713B9-0E2A-40F6-A306-F5EB2108F583}.Release|x64.ActiveCfg = Release|x64
		{F7F713B9-0E2A-40F6-A306-F5EB2108F583}.Release|x64.Build.0 = Release|x64
		{F7F713B9-0E2A-40F6-A306-F5EB2108F583}.Release|x86.ActiveCfg = Release|Win32
		{F7F713B9-0E2A-40F6-A306-F5EB2108F583}.Release|x86.Build.0 = Release|Win32
		{A6F82741-ECC3-4ACB-AB1F-BD85E7CCE5EB}.Debug|Any CPU.ActiveCfg = Debug|x64
		{A6F82741-ECC3-4ACB-AB1F-BD85E7CCE5EB}.Debug|Any CPU.Build.0 = Debug|x64
		{A6F82741-ECC3-4ACB-AB1F-BD85E7CCE5EB}.Debug|x64.ActiveCfg = Debug|x64
		{A6F82741-ECC3-4ACB-AB1F-BD85E7CCE5EB}.Debug|x64.Build.0 = Debug|x64
		{A6F82741-ECC3-4ACB-AB1F-BD85E7CCE5EB}.Debug|x86.ActiveCfg = Debug|Win32
		{A6F82741-ECC3-4ACB-AB1F-BD85E7CCE5EB}.Debug|x86.Build.0 = Debug|Win32
		{A6F82741-ECC3-4ACB-AB1F-BD85E7CCE5EB}.Release|Any CPU.ActiveCfg = Release|x64
		{A6F82741-ECC3-4ACB-AB1F-BD85E7CCE5EB}.Release|Any CPU.Build.0 = Release|x64
		{A6F82741-ECC3-4ACB-AB1F-BD85E7CCE5EB}.Release|x64.ActiveCfg = Release|x64
		{A6F82741-ECC3-4ACB-AB1F-BD85E7CCE5EB}.Release|x64.Build.0 = Release|x64
		{A6F82741-ECC3-4ACB-AB1F-BD85E7CCE5EB}.Release|x86.ActiveCfg = Release|Win32
		{A6F82741-ECC3-4ACB-AB1F-BD85E7CCE5EB}.Release|x86.Build.0 = Release|Win32
		{1264CEC7-C327-4488-B0EF-93C2863DFB19}.Debug|Any CPU.ActiveCfg = Debug|x64
		{1264CEC7-C327-4488-B0EF-93C2863DFB19}.Debug|Any CPU.Build.0 = Debug|x64
		{1264CEC7-C327-4488-B0EF-93C2863DFB19}.Debug|x64.ActiveCfg = Debug|x64
		{1264CEC7-C327-4488-B0EF-93C2863DFB19}.Debug|x64.Build.0 = Debug|x64
		{1264CEC7-C327-4488-B0EF-93C2863DFB19}.Debug|x86.ActiveCfg = Debug|Win32
		{1264CEC7-C327-4488-B0EF-93C2863DFB19}.Debug|x86.Build.0 = Debug|Win32
		{1264CEC7-C327-4488-B0EF-93C2863DFB19}.Release|Any CPU.ActiveCfg = Release|x64
		{1264CEC7-C327-4488-B0EF-93C2863DFB19}.Release|Any CPU.Build.0 = Release|x64
		{1264CEC7-C327-4488-B0EF-93C2863DFB19}.Release|x64.ActiveCfg = Release|x64
		{1264CEC7-C327-4488-B0EF-93C2863DFB19}.Release|x64.Build.0 = Release|x64
		{1264CEC7-C327-4488-B0EF-93C2863DFB19}.Release|x86.ActiveCfg = Release|Win32
		{1264CEC7-C327-4488-B0EF-93C2863DFB19}.Release|x86.Build.0 = Release|Win32
		{8EF37F8E-2209-4B3E-A651-51316E7F67D6}.Debug|Any CPU.ActiveCfg = Debug|x64
		{8EF37F8E-2209-4B3E-A651-51316E7F67D6}.Debug|Any CPU.Build.0 = Debug|x64
		{8EF37F8E-2209-4B3E-A651-51316E7F67D6}.Debug|x64.ActiveCfg = Debug|x64
		{8EF37F8E-2209-4B3E-A651-51316E7F67D6}.Debug|x64.Build.0 = Debug|x64
		{8EF37F8E-2209-4B3E-A651-51316E7F67D6}.Debug|x86.ActiveCfg = Debug|Win32
		{8EF37F8E-2209-4B3E-A651-51316E7F67D6}.Debug|x86.Build.0 = Debug|Win32
		{8EF37F8E-2209-4B3E-A651-51316E7F67D6}.Release|Any CPU.ActiveCfg = Release|x64
		{8EF37F8E-2209-4B3E-A651-51316E7F67D6}.Release|Any CPU.Build.0 = Release|x64
		{8EF37F8E-2209-4B3E-A651-51316E7F67D6}.Release|x64.ActiveCfg = Release|x64
		{8EF37F8E-2209-4B3E-A651-51316E7F67D6}.Release|x64.Build.0 = Release|x64
		{8EF37F8E-2209-4B3E-A651-51316E7F67D6}.Release|x86.ActiveCfg = Release|Win32
		{8EF37F8E-2209-4B3E-A651-51316E7F67D6}.Release|x86.Build.0 = Release|Win32
		{F8CD20F9-5AC5-4EE7-816D-A9C3D1B4798D}.Debug|Any CPU.ActiveCfg = Debug|x64
		{F8CD20F9-5AC5-4EE7-816D-A9C3D1B4798D}.Debug|Any CPU.Build.0 = Debug|x64
		{F8CD20F9-5AC5-4EE7-816D-A9C3D1B4798D}.Debug|x64.ActiveCfg = Debug|x64
		{F8CD20F9-5AC5-4EE7-816D-A9C3D1B4798D}.Debug|x64.Build.0 = Debug|x64
		{F8CD20F9-5AC5-4EE7-816D-A9C3D1B4798D}.Debug|x86.ActiveCfg = Debug|Win32
		{F8CD20F9-5AC5-4EE7-816D-A9C3D1B4798D}.Debug|x86.Build.0 = Debug|Win32
		{F8CD20F9-5AC5-4EE7-816D-A9C3D1B4798D}.Release|Any CPU.ActiveCfg = Release|x64
		{F8CD20F9-5AC5-4EE7-816D-A9C3D1B4798D}.Release|Any CPU.Build.0 = Release|x64
		{F8CD20F9-5AC5-4EE7-816D-A9C3D1B4798D}.Release|x64.ActiveCfg = Release|x64
		{F8CD20F9-5AC5-4EE7-816D-A9C3D1B4798D}.Release|x64.Build.0 = Release|x64
		{F8CD20F9-5AC5-4EE7-816D-A9C3D1B4798D}.Release|x86.ActiveCfg = Release|Win32
		{F8CD20F9-5AC5-4EE7-816D-A9C3D1B4798D}.Release|x86.Build.0 = Release|Win32
		{3FD7F125-DBCD-4FD9-9D2F-773062B4C9EC}.Debug|Any CPU.ActiveCfg = Debug|x64
		{3FD7F125-DBCD-4FD9-9D2F-773062B4C9EC}.Debug|Any CPU.Build.0 = Debug|x64
		{3FD7F125-DBCD-4FD9-9D2F-773062B4C9EC}.Debug|x64.ActiveCfg = Debug|x64
		{3FD7F125-DBCD-4FD9-9D2F-773062B4C9EC}.Debug|x64.Build.0 = Debug|x64
		{3FD7F125-DBCD-4FD9-9D2F-773062B4C9EC}.Debug|x86.ActiveCfg = Debug|Win32
		{3FD7F125-DBCD-4FD9-9D2F-773062B4C9EC}.Debug|x86.Build.0 = Debug|Win32
		{3FD7F125-DBCD-4FD9-9D2F-773062B4C9EC}.Release|Any CPU.ActiveCfg = Release|x64
		{3FD7F125-DBCD-4FD9-9D2F-773062B4C9EC}.Release|Any CPU.Build.0 = Release|x64
		{3FD7F125-DBCD-4FD9-9D2F-773062B4C9EC}.Release|x64.ActiveCfg = Release|x64
		{3FD7F125-DBCD-4FD9-9D2F-773062B4C9EC}.Release|x64.Build.0 = Release|x64
		{3FD7F125-DBCD-4FD9-9D2F-773062B4C9EC}.Release|x86.ActiveCfg = Release|Win32
		{3FD7F125-DBCD-4FD9-9D2F-773062B4C9EC}.Release|x86.Build.0 = Release|Win32
		{7A60D318-9C3F-4A9B-BB74-A5A2F4C73C11}.Debug|Any CPU.ActiveCfg = Debug|x64
		{7A60D318-9C3F-4A9B-BB74-A5A2F4C73C11}.Debug|Any CPU.Build.0 = Debug|x64
		{7A60D318-9C3F-4A9B-BB74-A5A2F4C73C11}.Debug|x64.ActiveCfg = Debug|x64
		{7A60D318-9C3F-4A9B-BB74-A5A2F4C73C11}.Debug|x64.Build.0 = Debug|x64
		{7A60D318-9C3F-4A9B-BB74-A5A2F4C73C11}.Debug|x86.ActiveCfg = Debug|Win32
		{7A60D318-9C3F-4A9B-BB74-A5A2F4C73C11}.Debug|x86.Build.0 = Debug|Win32
		{7A60D318-9C3F-4A9B-BB74-A5A2F4C73C11}.Release|Any CPU.ActiveCfg = Release|x64
		{7A60D318-9C3F-4A9B-BB74-A5A2F4C73C11}.Release|Any CPU.Build.0 = Release|x64
		{7A60D318-9C3F-4A9B-BB74-A5A2F4C73C11}.Release|x64.ActiveCfg = Release|x64
		{7A60D318-9C3F-4A9B-BB74-A5A2F4C73C11}.Release|x64.Build.0 = Release|x64
		{7A60D318-9C3F-4A9B-BB74-A5A2F4C73C11}.Release|x86.ActiveCfg = Release|Win32
		{7A60D318-9C3F-4A9B-BB74-A5A2F4C73C11}.Release|x86.Build.0 = Release|Win32
		{4476CCC9-D1DD-4370-9CEE-81CF98D180D5}.Debug|Any CPU.ActiveCfg = Debug|x64
		{4476CCC9-D1DD-4370-9CEE-81CF98D180D5}.Debug|Any CPU.Build.0 = Debug|x64
		{4476CCC9-D1DD-4370-9CEE-81CF98D180D5}.Debug|x64.ActiveCfg = Debug|x64
		{4476CCC9-D1DD-4370-9CEE-81CF98D180D5}.Debug|x64.Build.0 = Debug|x64
		{4476CCC9-D1DD-4370-9CEE-81CF98D180D5}.Debug|x86.ActiveCfg = Debug|Win32
		{4476CCC9-D1DD-4370-9CEE-81CF98D180D5}.Debug|x86.Build.0 = Debug|Win32
		{4476CCC9-D1DD-4370-9CEE-81CF98D180D5}.Release|Any CPU.ActiveCfg = Release|x64
		{4476CCC9-D1DD-4370-9CEE-81CF98D180D5}.Release|Any CPU.Build.0 = Release|x64
		{4476CCC9-D1DD-4370-9CEE-81CF98D180D5}.Release|x64.ActiveCfg = Release|x64
		{4476CCC9-D1DD-4370-9CEE-81CF98D180D5}.Release|x64.Build.0 = Release|x64
		{4476CCC9-D1DD-4370-9CEE-81CF98D180D5}.Release|x86.ActiveCfg = Release|Win32
		{4476CCC9-D1DD-4370-9CEE-81CF98D180D5}.Release|x86.Build.0 = Release|Win32
		{8C62ACF8-9097-498D-87B5-ECA565532219}.Debug|Any CPU.ActiveCfg = Debug|x64
		{8C62ACF8-9097-498D-87B5-ECA565532219}.Debug|Any CPU.Build.0 = Debug|x64
		{8C62ACF8-9097-498D-87B5-ECA565532219}.Debug|x64.ActiveCfg = Debug|x64
		{8C62ACF8-9097-498D-87B5-ECA565532219}.Debug|x64.Build.0 = Debug|x64
		{8C62ACF8-9097-498D-87B5-ECA565532219}.Debug|x86.ActiveCfg = Debug|Win32
		{8C62ACF8-9097-498D-87B5-ECA565532219}.Debug|x86.Build.0 = Debug|Win32
		{8C62ACF8-9097-498D-87B5-ECA565532219}.Release|Any CPU.ActiveCfg = Release|x64
		{8C62ACF8-9097-498D-87B5-ECA565532219}.Release|Any CPU.Build.0 = Release|x64
		{8C62ACF8-9097-498D-87B5-ECA565532219}.Release|x64.ActiveCfg = Release|x64
		{8C62ACF8-9097-498D-87B5-ECA565532219}.Release|x64.Build.0 = Release|x64
		{8C62ACF8-9097-498D-87B5-ECA565532219}.Release|x86.ActiveCfg = Release|Win32
		{8C62ACF8-9097-498D-87B5-ECA565532219}.Release|x86.Build.0 = Release|Win32
		{091F29FF-4107-4506-821B-3097AA78D4A0}.Debug|Any CPU.ActiveCfg = Debug|x64
		{091F29FF-4107-4506-821B-3097AA78D4A0}.Debug|Any CPU.Build.0 = Debug|x64
		{091F29FF-4107-4506-821B-3097AA78D4A0}.Debug|x64.ActiveCfg = Debug|x64
		{091F29FF-4107-4506-821B-3097AA78D4A0}.Debug|x64.Build.0 = Debug|x64
		{091F29FF-4107-4506-821B-3097AA78D4A0}.Debug|x86.ActiveCfg = Debug|Win32
		{091F29FF-4107-4506-821B-3097AA78D4A0}.Debug|x86.Build.0 = Debug|Win32
		{091F29FF-4107-4506-821B-3097AA78D4A0}.Release|Any CPU.ActiveCfg = Release|x64
		{091F29FF-4107-4506-821B-3097AA78D4A0}.Release|Any CPU.Build.0 = Release|x64
		{091F29FF-4107-4506-821B-3097AA78D4A0}.Release|x64.ActiveCfg = Release|x64
		{091F29FF-4107-4506-821B-3097AA78D4A0}.Release|x64.Build.0 = Release|x64
		{091F29FF-4107-4506-821B-3097AA78D4A0}.Release|x86.ActiveCfg = Release|Win32
		{091F29FF-4107-4506-821B-3097AA78D4A0}.Release|x86.Build.0 = Release|Win32
		{33F5EA7D-A683-4933-8FD3-E54AE0093399}.Debug|Any CPU.ActiveCfg = Debug|x64
		{33F5EA7D-A683-4933-8FD3-E54AE0093399}.Debug|Any CPU.Build.0 = Debug|x64
		{33F5EA7D-A683-4933-8FD3-E54AE0093399}.Debug|x64.ActiveCfg = Debug|x64
		{33F5EA7D-A683-4933-8FD3-E54AE0093399}.Debug|x64.Build.0 = Debug|x64
		{33F5EA7D-A683-4933-8FD3-E54AE0093399}.Debug|x86.ActiveCfg = Debug|Win32
		{33F5EA7D-A683-4933-8FD3-E54AE0093399}.Debug|x86.Build.0 = Debug|Win32
		{33F5EA7D-A683-4933-8FD3-E54AE0093399}.Release|Any CPU.ActiveCfg = Release|x64
		{33F5EA7D-A683-4933-8FD3-E54AE0093399}.Release|Any CPU.Build.0 = Release|x64
		{33F5EA7D-A683-4933-8FD3-E54AE0093399}.Release|x64.ActiveCfg = Release|x64
		{33F5EA7D-A683-4933-8FD3-E54AE0093399}.Release|x64.Build.0 = Release|x64
		{33F5EA7D-A683-4933-8FD3-E54AE0093399}.Release|x86.ActiveCfg = Release|Win32
		{33F5EA7D-A683-4933-8FD3-E54AE0093399}.Release|x86.Build.0 = Release|Win32
		{E13EAA2E-3CBD-45BB-A3E5-CF5AFFAC1640}.Debug|Any CPU.ActiveCfg = Debug|x64
		{E13EAA2E-3CBD-45BB-A3E5-CF5AFFAC1640}.Debug|Any CPU.Build.0 = Debug|x64
		{E13EAA2E-3CBD-45BB-A3E5-CF5AFFAC1640}.Debug|x64.ActiveCfg = Debug|x64
		{E13EAA2E-3CBD-45BB-A3E5-CF5AFFAC1640}.Debug|x64.Build.0 = Debug|x64
		{E13EAA2E-3CBD-45BB-A3E5-CF5AFFAC1640}.Debug|x86.ActiveCfg = Debug|Win32
		{E13EAA2E-3CBD-45BB-A3E5-CF5AFFAC1640}.Debug|x86.Build.0 = Debug|Win32
		{E13EAA2E-3CBD-45BB-A3E5-CF5AFFAC1640}.Release|Any CPU.ActiveCfg = Release|x64
		{E13EAA2E-3CBD-45BB-A3E5-CF5AFFAC1640}.Release|Any CPU.Build.0 = Release|x64
		{E13EAA2E-3CBD-45BB-A3E5-CF5AFFAC1640}.Release|x64.ActiveCfg = Release|x64
		{E13EAA2E-3CBD-45BB-A3E5-CF5AFFAC1640}.Release|x64.Build.0 = Release|x64
		{E13EAA2E-3CBD-45BB-A3E5-CF5AFFAC1640}.Release|x86.ActiveCfg = Release|Win32
		{E13EAA2E-3CBD-45BB-A3E5-CF5AFFAC1640}.Release|x86.Build.0 = Release|Win32
		{678E68F8-4438-4A24-9704-681381906B5D}.Debug|Any CPU.ActiveCfg = Debug|x64
		{678E68F8-4438-4A24-9704-681381906B5D}.Debug|Any CPU.Build.0 = Debug|x64
		{678E68F8-4438-4A24-9704-681381906B5D}.Debug|x64.ActiveCfg = Debug|x64
		{678E68F8-4438-4A24-9704-681381906B5D}.Debug|x64.Build.0 = Debug|x64
		{678E68F8-4438-4A24-9704-681381906B5D}.Debug|x86.ActiveCfg = Debug|Win32
		{678E68F8-4438-4A24-9704-681381906B5D}.Debug|x86.Build.0 = Debug|Win32
		{678E68F8-4438-4A24-9704-681381906B5D}.Release|Any CPU.ActiveCfg = Release|x64
		{678E68F8-4438-4A24-9704-681381906B5D}.Release|Any CPU.Build.0 = Release|x64
		{678E68F8-4438-4A24-9704-681381906B5D}.Release|x64.ActiveCfg = Release|x64
		{678E68F8-4438-4A24-9704-681381906B5D}.Release|x64.Build.0 = Release|x64
		{678E68F8-4438-4A24-9704-681381906B5D}.Release|x86.ActiveCfg = Release|Win32
		{678E68F8-4438-4A24-9704-681381906B5D}.Release|x86.Build.0 = Release|Win32
		{EBD05637-9DAE-41D2-8BB3-E63ADEF53647}.Debug|Any CPU.ActiveCfg = Debug|x64
		{EBD05637-9DAE-41D2-8BB3-E63ADEF53647}.Debug|Any CPU.Build.0 = Debug|x64
		{EBD05637-9DAE-41D2-8BB3-E63ADEF53647}.Debug|x64.ActiveCfg = Debug|x64
		{EBD05637-9DAE-41D2-8BB3-E63ADEF53647}.Debug|x64.Build.0 = Debug|x64
		{EBD05637-9DAE-41D2-8BB3-E63ADEF53647}.Debug|x86.ActiveCfg = Debug|Win32
		{EBD05637-9DAE-41D2-8BB3-E63ADEF53647}.Debug|x86.Build.0 = Debug|Win32
		{EBD05637-9DAE-41D2-8BB3-E63ADEF53647}.Release|Any CPU.ActiveCfg = Release|x64
		{EBD05637-9DAE-41D2-8BB3-E63ADEF53647}.Release|Any CPU.Build.0 = Release|x64
		{EBD05637-9DAE-41D2-8BB3-E63ADEF53647}.Release|x64.ActiveCfg = Release|x64
		{EBD05637-9DAE-41D2-8BB3-E63ADEF53647}.Release|x64.Build.0 = Release|x64
		{EBD05637-9DAE-41D2-8BB3-E63ADEF53647}.Release|x86.ActiveCfg = Release|Win32
		{EBD05637-9DAE-41D2-8BB3-E63ADEF53647}.Release|x86.Build.0 = Release|Win32
		{0D71753A-BC1C-4BE4-8428-D02881F959E0}.Debug|Any CPU.ActiveCfg = Debug|x64
		{0D71753A-BC1C-4BE4-8428-D02881F959E0}.Debug|Any CPU.Build.0 = Debug|x64
		{0D71753A-BC1C-4BE4-8428-D02881F959E0}.Debug|x64.ActiveCfg = Debug|x64
		{0D71753A-BC1C-4BE4-8428-D02881F959E0}.Debug|x64.Build.0 = Debug|x64
		{0D71753A-BC1C-4BE4-8428-D02881F959E0}.Debug|x86.ActiveCfg = Debug|Win32
		{0D71753A-BC1C-4BE4-8428-D02881F959E0}.Debug|x86.Build.0 = Debug|Win32
		{0D71753A-BC1C-4BE4-8428-D02881F959E0}.Release|Any CPU.ActiveCfg = Release|x64
		{0D71753A-BC1C-4BE4-8428-D02881F959E0}.Release|Any CPU.Build.0 = Release|x64
		{0D71753A-BC1C-4BE4-8428-D02881F959E0}.Release|x64.ActiveCfg = Release|x64
		{0D71753A-BC1C-4BE4-8428-D02881F959E0}.Release|x64.Build.0 = Release|x64
		{0D71753A-BC1C-4BE4-8428-D02881F959E0}.Release|x86.ActiveCfg = Release|Win32
		{0D71753A-BC1C-4BE4-8428-D02881F959E0}.Release|x86.Build.0 = Release|Win32
		{65B70944-A8CC-4A3D-95DD-2F2E3D28FF1F}.Debug|Any CPU.ActiveCfg = Debug|x64
		{65B70944-A8CC-4A3D-95DD-2F2E3D28FF1F}.Debug|Any CPU.Build.0 = Debug|x64
		{65B70944-A8CC-4A3D-95DD-2F2E3D28FF1F}.Debug|x64.ActiveCfg = Debug|x64
		{65B70944-A8CC-4A3D-95DD-2F2E3D28FF1F}.Debug|x64.Build.0 = Debug|x64
		{65B70944-A8CC-4A3D-95DD-2F2E3D28FF1F}.Debug|x86.ActiveCfg = Debug|Win32
		{65B70944-A8CC-4A3D-95DD-2F2E3D28FF1F}.Debug|x86.Build.0 = Debug|Win32
		{65B70944-A8CC-4A3D-95DD-2F2E3D28FF1F}.Release|Any CPU.ActiveCfg = Release|x64
		{65B70944-A8CC-4A3D-95DD-2F2E3D28FF1F}.Release|Any CPU.Build.0 = Release|x64
		{65B70944-A8CC-4A3D-95DD-2F2E3D28FF1F}.Release|x64.ActiveCfg = Release|x64
		{65B70944-A8CC-4A3D-95DD-2F2E3D28FF1F}.Release|x64.Build.0 = Release|x64
		{65B70944-A8CC-4A3D-95DD-2F2E3D28FF1F}.Release|x86.ActiveCfg = Release|Win32
		{65B70944-A8CC-4A3D-95DD-2F2E3D28FF1F}.Release|x86.Build.0 = Release|Win32
		{E1644B95-256B-4488-BE9E-FE416A0CA58E}.Debug|Any CPU.ActiveCfg = Debug|x64
		{E1644B95-256B-4488-BE9E-FE416A0CA58E}.Debug|Any CPU.Build.0 = Debug|x64
		{E1644B95-256B-4488-BE9E-FE416A0CA58E}.Debug|x64.ActiveCfg = Debug|x64
		{E1644B95-256B-4488-BE9E-FE416A0CA58E}.Debug|x64.Build.0 = Debug|x64
		{E1644B95-256B-4488-BE9E-FE416A0CA58E}.Debug|x86.ActiveCfg = Debug|Win32
		{E1644B95-256B-4488-BE9E-FE416A0CA58E}.Debug|x86.Build.0 = Debug|Win32
		{E1644B95-256B-4488-BE9E-FE416A0CA58E}.Release|Any CPU.ActiveCfg = Release|x64
		{E1644B95-256B-4488-BE9E-FE416A0CA58E}.Release|Any CPU.Build.0 = Release|x64
		{E1644B95-256B-4488-BE9E-FE416A0CA58E}.Release|x64.ActiveCfg = Release|x64
		{E1644B95-256B-4488-BE9E-FE416A0CA58E}.Release|x64.Build.0 = Release|x64
		{E1644B95-256B-4488-BE9E-FE416A0CA58E}.Release|x86.ActiveCfg = Release|Win32
		{E1644B95-256B-4488-BE9E-FE416A0CA58E}.Release|x86.Build.0 = Release|Win32
		{7E792CCF-EF87-4B36-9C4F-6498414722AB}.Debug|Any CPU.ActiveCfg = Debug|x64
		{7E792CCF-EF87-4B36-9C4F-6498414722AB}.Debug|Any CPU.Build.0 = Debug|x64
		{7E792CCF-EF87-4B36-9C4F-6498414722AB}.Debug|x64.ActiveCfg = Debug|x64
		{7E792CCF-EF87-4B36-9C4F-6498414722AB}.Debug|x64.Build.0 = Debug|x64
		{7E792CCF-EF87-4B36-9C4F-6498414722AB}.Debug|x86.ActiveCfg = Debug|Win32
		{7E792CCF-EF87-4B36-9C4F-6498414722AB}.Debug|x86.Build.0 = Debug|Win32
		{7E792CCF-EF87-4B36-9C4F-6498414722AB}.Release|Any CPU.ActiveCfg = Release|x64
		{7E792CCF-EF87-4B36-9C4F-6498414722AB}.Release|Any CPU.Build.0 = Release|x64
		{7E792CCF-EF87-4B36-9C4F-6498414722AB}.Release|x64.ActiveCfg = Release|x64
		{7E792CCF-EF87-4B36-9C4F-6498414722AB}.Release|x64.Build.0 = Release|x64
		{7E792CCF-EF87-4B36-9C4F-6498414722AB}.Release|x86.ActiveCfg = Release|Win32
		{7E792CCF-EF87-4B36-9C4F-6498414722AB}.Release|x86.Build.0 = Release|Win32
		{70A638E6-EFB1-4079-83A9-332F6F0EE733}.Debug|Any CPU.ActiveCfg = Debug|x64
		{70A638E6-EFB1-4079-83A9-332F6F0EE733}.Debug|Any CPU.Build.0 = Debug|x64
		{70A638E6-EFB1-4079-83A9-332F6F0EE733}.Debug|x64.ActiveCfg = Debug|x64
		{70A638E6-EFB1-4079-83A9-332F6F0EE733}.Debug|x64.Build.0 = Debug|x64
		{70A638E6-EFB1-4079-83A9-332F6F0EE733}.Debug|x86.ActiveCfg = Debug|Win32
		{70A638E6-EFB1-4079-83A9-332F6F0EE733}.Debug|x86.Build.0 = Debug|Win32
		{70A638E6-EFB1-4079-83A9-332F6F0EE733}.Release|Any CPU.ActiveCfg = Release|x64
		{70A638E6-EFB1-4079-83A9-332F6F0EE733}.Release|Any CPU.Build.0 = Release|x64
		{70A638E6-EFB1-4079-83A9-332F6F0EE733}.Release|x64.ActiveCfg = Release|x64
		{70A638E6-EFB1-4079-83A9-332F6F0EE733}.Release|x64.Build.0 = Release|x64
		{70A638E6-EFB1-4079-83A9-332F6F0EE733}.Release|x86.ActiveCfg = Release|Win32
		{70A638E6-EFB1-4079-83A9-332F6F0EE733}.Release|x86.Build.0 = Release|Win32
		{68A17DFE-4924-431E-A845-14472FA7AF10}.Debug|Any CPU.ActiveCfg = Debug|x64
		{68A17DFE-4924-431E-A845-14472FA7AF10}.Debug|Any CPU.Build.0 = Debug|x64
		{68A17DFE-4924-431E-A845-14472FA7AF10}.Debug|x64.ActiveCfg = Debug|x64
		{68A17DFE-4924-431E-A845-14472FA7AF10}.Debug|x64.Build.0 = Debug|x64
		{68A17DFE-4924-431E-A845-14472FA7AF10}.Debug|x86.ActiveCfg = Debug|Win32
		{68A17DFE-4924-431E-A845-14472FA7AF10}.Debug|x86.Build.0 = Debug|Win32
		{68A17DFE-4924-431E-A845-14472FA7AF10}.Release|Any CPU.ActiveCfg = Release|x64
		{68A17DFE-4924-431E-A845-14472FA7AF10}.Release|Any CPU.Build.0 = Release|x64
		{68A17DFE-4924-431E-A845-14472FA7AF10}.Release|x64.ActiveCfg = Release|x64
		{68A17DFE-4924-431E-A845-14472FA7AF10}.Release|x64.Build.0 = Release|x64
		{68A17DFE-4924-431E-A845-14472FA7AF10}.Release|x86.ActiveCfg = Release|Win32
		{68A17DFE-4924-431E-A845-14472FA7AF10}.Release|x86.Build.0 = Release|Win32
		{84DDBBD0-5921-47CD-8285-5A45718986E2}.Debug|Any CPU.ActiveCfg = Debug|x64
		{84DDBBD0-5921-47CD-8285-5A45718986E2}.Debug|Any CPU.Build.0 = Debug|x64
		{84DDBBD0-5921-47CD-8285-5A45718986E2}.Debug|x64.ActiveCfg = Debug|x64
		{84DDBBD0-5921-47CD-8285-5A45718986E2}.Debug|x64.Build.0 = Debug|x64
		{84DDBBD0-5921-47CD-8285-5A45718986E2}.Debug|x86.ActiveCfg = Debug|Win32
		{84DDBBD0-5921-47CD-8285-5A45718986E2}.Debug|x86.Build.0 = Debug|Win32
		{84DDBBD0-5921-47CD-8285-5A45718986E2}.Release|Any CPU.ActiveCfg = Release|x64
		{84DDBBD0-5921-47CD-8285-5A45718986E2}.Release|Any CPU.Build.0 = Release|x64
		{84DDBBD0-5921-47CD-8285-5A45718986E2}.Release|x64.ActiveCfg = Release|x64
		{84DDBBD0-5921-47CD-8285-5A45718986E2}.Release|x64.Build.0 = Release|x64
		{84DDBBD0-5921-47CD-8285-5A45718986E2}.Release|x86.ActiveCfg = Release|Win32
		{84DDBBD0-5921-47CD-8285-5A45718986E2}.Release|x86.Build.0 = Release|Win32
		{EF9D3435-4B6F-4FE4-9257-2628D0813A0D}.Debug|Any CPU.ActiveCfg = Debug|x64
		{EF9D3435-4B6F-4FE4-9257-2628D0813A0D}.Debug|Any CPU.Build.0 = Debug|x64
		{EF9D3435-4B6F-4FE4-9257-2628D0813A0D}.Debug|x64.ActiveCfg = Debug|x64
		{EF9D3435-4B6F-4FE4-9257-2628D0813A0D}.Debug|x64.Build.0 = Debug|x64
		{EF9D3435-4B6F-4FE4-9257-2628D0813A0D}.Debug|x86.ActiveCfg = Debug|Win32
		{EF9D3435-4B6F-4FE4-9257-2628D0813A0D}.Debug|x86.Build.0 = Debug|Win32
		{EF9D3435-4B6F-4FE4-9257-2628D0813A0D}.Release|Any CPU.ActiveCfg = Release|x64
		{EF9D3435-4B6F-4FE4-9257-2628D0813A0D}.Release|Any CPU.Build.0 = Release|x64
		{EF9D3435-4B6F-4FE4-9257-2628D0813A0D}.Release|x64.ActiveCfg = Release|x64
		{EF9D3435-4B6F-4FE4-9257-2628D0813A0D}.Release|x64.Build.0 = Release|x64
		{EF9D3435-4B6F-4FE4-9257-2628D0813A0D}.Release|x86.ActiveCfg = Release|Win32
		{EF9D3435-4B6F-4FE4-9257-2628D0813A0D}.Release|x86.Build.0 = Release|Win32
		{E6491197-185D-4DCC-BB9D-3F69775C15FB}.Debug|Any CPU.ActiveCfg = Debug|x64
		{E6491197-185D-4DCC-BB9D-3F69775C15FB}.Debug|Any CPU.Build.0 = Debug|x64
		{E6491197-185D-4DCC-BB9D-3F69775C15FB}.Debug|x64.ActiveCfg = Debug|x64
		{E6491197-185D-4DCC-BB9D-3F69775C15FB}.Debug|x64.Build.0 = Debug|x64
		{E6491197-185D-4DCC-BB9D-3F69775C15FB}.Debug|x86.ActiveCfg = Debug|Win32
		{E6491197-185D-4DCC-BB9D-3F69775C15FB}.Debug|x86.Build.0 = Debug|Win32
		{E6491197-185D-4DCC-BB9D-3F69775C15FB}.Release|Any CPU.ActiveCfg = Release|x64
		{E6491197-185D-4DCC-BB9D-3F69775C15FB}.Release|Any CPU.Build.0 = Release|x64
		{E6491197-185D-4DCC-BB9D-3F69775C15FB}.Release|x64.ActiveCfg = Release|x64
		{E6491197-185D-4DCC-BB9D-3F69775C15FB}.Release|x64.Build.0 = Release|x64
		{E6491197-185D-4DCC-BB9D-3F69775C15FB}.Release|x86.ActiveCfg = Release|Win32
		{E6491197-185D-4DCC-BB9D-3F69775C15FB}.Release|x86.Build.0 = Release|Win32
		{FBC26BB2-FCFF-447E-B762-B0F8597F8252}.Debug|Any CPU.ActiveCfg = Debug|x64
		{FBC26BB2-FCFF-447E-B762-B0F8597F8252}.Debug|Any CPU.Build.0 = Debug|x64
		{FBC26BB2-FCFF-447E-B762-B0F8597F8252}.Debug|x64.ActiveCfg = Debug|x64
		{FBC26BB2-FCFF-447E-B762-B0F8597F8252}.Debug|x64.Build.0 = Debug|x64
		{FBC26BB2-FCFF-447E-B762-B0F8597F8252}.Debug|x86.ActiveCfg = Debug|Win32
		{FBC26BB2-FCFF-447E-B762-B0F8597F8252}.Debug|x86.Build.0 = Debug|Win32
		{FBC26BB2-FCFF-447E-B762-B0F8597F8252}.Release|Any CPU.ActiveCfg = Release|x64
		{FBC26BB2-FCFF-447E-B762-B0F8597F8252}.Release|Any CPU.Build.0 = Release|x64
		{FBC26BB2-FCFF-447E-B762-B0F8597F8252}.Release|x64.ActiveCfg = Release|x64
		{FBC26BB2-FCFF-447E-B762-B0F8597F8252}.Release|x64.Build.0 = Release|x64
		{FBC26BB2-FCFF-447E-B762-B0F8597F8252}.Release|x86.ActiveCfg = Release|Win32
		{FBC26BB2-FCFF-447E-B762-B0F8597F8252}.Release|x86.Build.0 = Release|Win32
		{0C6FF2FE-2177-4F0D-B1FA-4468FF64FECD}.Debug|Any CPU.ActiveCfg = Debug|x64
		{0C6FF2FE-2177-4F0D-B1FA-4468FF64FECD}.Debug|Any CPU.Build.0 = Debug|x64
		{0C6FF2FE-2177-4F0D-B1FA-4468FF64FECD}.Debug|x64.ActiveCfg = Debug|x64
		{0C6FF2FE-2177-4F0D-B1FA-4468FF64FECD}.Debug|x64.Build.0 = Debug|x64
		{0C6FF2FE-2177-4F0D-B1FA-4468FF64FECD}.Debug|x86.ActiveCfg = Debug|Win32
		{0C6FF2FE-2177-4F0D-B1FA-4468FF64FECD}.Debug|x86.Build.0 = Debug|Win32
		{0C6FF2FE-2177-4F0D-B1FA-4468FF64FECD}.Release|Any CPU.ActiveCfg = Release|x64
		{0C6FF2FE-2177-4F0D-B1FA-4468FF64FECD}.Release|Any CPU.Build.0 = Release|x64
		{0C6FF2FE-2177-4F0D-B1FA-4468FF64FECD}.Release|x64.ActiveCfg = Release|x64
		{0C6FF2FE-2177-4F0D-B1FA-4468FF64FECD}.Release|x64.Build.0 = Release|x64
		{0C6FF2FE-2177-4F0D-B1FA-4468FF64FECD}.Release|x86.ActiveCfg = Release|Win32
		{0C6FF2FE-2177-4F0D-B1FA-4468FF64FECD}.Release|x86.Build.0 = Release|Win32
		{3AE49B2C-5063-4F5B-BBE1-80068CE94423}.Debug|Any CPU.ActiveCfg = Debug|x64
		{3AE49B2C-5063-4F5B-BBE1-80068CE94423}.Debug|Any CPU.Build.0 = Debug|x64
		{3AE49B2C-5063-4F5B-BBE1-80068CE94423}.Debug|x64.ActiveCfg = Debug|x64
		{3AE49B2C-5063-4F5B-BBE1-80068CE94423}.Debug|x64.Build.0 = Debug|x64
		{3AE49B2C-5063-4F5B-BBE1-80068CE94423}.Debug|x86.ActiveCfg = Debug|Win32
		{3AE49B2C-5063-4F5B-BBE1-80068CE94423}.Debug|x86.Build.0 = Debug|Win32
		{3AE49B2C-5063-4F5B-BBE1-80068CE94423}.Release|Any CPU.ActiveCfg = Release|x64
		{3AE49B2C-5063-4F5B-BBE1-80068CE94423}.Release|Any CPU.Build.0 = Release|x64
		{3AE49B2C-5063-4F5B-BBE1-80068CE94423}.Release|x64.ActiveCfg = Release|x64
		{3AE49B2C-5063-4F5B-BBE1-80068CE94423}.Release|x64.Build.0 = Release|x64
		{3AE49B2C-5063-4F5B-BBE1-80068CE94423}.Release|x86.ActiveCfg = Release|Win32
		{3AE49B2C-5063-4F5B-BBE1-80068CE94423}.Release|x86.Build.0 = Release|Win32
	EndGlobalSection
	GlobalSection(SolutionProperties) = preSolution
		HideSolutionNode = FALSE
	EndGlobalSection
	GlobalSection(ExtensibilityGlobals) = postSolution
		SolutionGuid = {5122BA72-9EBF-444D-92CC-9B404BEE4A10}
	EndGlobalSection
EndGlobal
