<Solution>
  <Configurations>
    <Platform Name="x64" />
    <Platform Name="x86" />
  </Configurations>
  <Project Path="BJDNA비밀번호/BJDNA비밀번호.vcxproj" Id="70c71dff-fcf7-4a54-82ff-6e2e85037fad" />
  <Project Path="BJ구간의합구하기02/BJ구간의합구하기02.vcxproj" Id="11d8b99c-35ef-484e-9a1c-815fd20829de" />
  <Project Path="BJ구간의합구하기03/BJ구간의합구하기03.vcxproj" Id="1b6a3834-6d90-48eb-9ca7-efc690aa132e" />
  <Project Path="BJ구간합구하기01/BJ구간합구하기01.vcxproj" Id="368d521b-1693-469d-89e1-acfaf8f876f5" />
  <Project Path="BJ그룹단어체커/BJ그룹단어체커.vcxproj" Id="9e984a77-d863-4f0c-9ae8-48cf88109a8a" />
  <Project Path="BJ너의평점은/BJ너의평점은.vcxproj" Id="6c06d7cf-ef89-47da-8a1c-35b24ac7c993" />
  <Project Path="BJ색종이/BJ색종이.vcxproj" Id="4f4d29cd-7555-4504-8d79-271cb11f1205" />
  <Project Path="BJ세로읽기/BJ세로읽기.vcxproj" Id="46b3513e-ccbc-4364-84fa-3a42f74a66aa" />
  <Project Path="BJ스택수열/BJ스택수열.vcxproj" Id="c3285848-2bbb-4562-8268-68461b3dcbf0" />
  <Project Path="BJ연속된자연수합구하기/BJ연속된자연수합구하기.vcxproj" Id="d73dc6f5-f5bd-4819-8da8-c537f19109b4" />
  <Project Path="BJ절댓값힙/BJ절댓값힙.vcxproj" Id="afc3d542-6d17-487f-99b3-c5a17994798a" />
  <Project Path="BJ좋다/BJ좋다.vcxproj" Id="80fbca6e-70d1-41ed-9886-974e7a10a30a" />
  <Project Path="BJ주몽/BJ주몽.vcxproj" Id="7a2e6496-6349-4b93-bd81-2d6f18c22654" />
  <Project Path="BJ최대값/BJ최대값.vcxproj" Id="cec36736-0fc1-4206-bf0f-6d4445ab4e3a" />
  <Project Path="BJ최솟값찾기/BJ최솟값찾기.vcxproj" Id="e58052f3-6bff-496f-bd08-20d43d0d666b" />
  <Project Path="BJ카드2/BJ카드2.vcxproj" Id="fe1c5219-4d54-40a4-97ca-8729501a019e" />
</Solution>
